
Microsoft Visual Studio Solution File, Format Version 12.00
# Visual Studio Version 16
VisualStudioVersion = 16.0.32602.291
MinimumVisualStudioVersion = 10.0.40219.1
Project("{FAE04EC0-301F-11D3-BF4B-00C04F79EFBC}") = "DOE_FA2", "DOE_FA2\DOE_FA2.csproj", "{0F0E8C73-3F78-4705-B31B-56A35790F53C}"
EndProject
Global
	GlobalSection(SolutionConfigurationPlatforms) = preSolution
		Debug|Any CPU = Debug|Any CPU
		Release|Any CPU = Release|Any CPU
	EndGlobalSection
	GlobalSection(ProjectConfigurationPlatforms) = postSolution
		{0F0E8C73-3F78-4705-B31B-56A35790F53C}.Debug|Any CPU.ActiveCfg = Debug|Any CPU
		{0F0E8C73-3F78-4705-B31B-56A35790F53C}.Debug|Any CPU.Build.0 = Debug|Any CPU
		{0F0E8C73-3F78-4705-B31B-56A35790F53C}.Release|Any CPU.ActiveCfg = Release|Any CPU
		{0F0E8C73-3F78-4705-B31B-56A35790F53C}.Release|Any CPU.Build.0 = Release|Any CPU
	EndGlobalSection
	GlobalSection(SolutionProperties) = preSolution
		HideSolutionNode = FALSE
	EndGlobalSection
	GlobalSection(ExtensibilityGlobals) = postSolution
		SolutionGuid = {7E9D3718-C5D5-4212-8A53-1A10C0923FF2}
	EndGlobalSection
EndGlobal
